// !$*UTF8*$!
{
	archiveVersion = 1;
	classes = {
	};
	objectVersion = 56;
	objects = {

/* Begin PBXBuildFile section */
		250F01D92C19EF2500C5A32A /* AppDelegate.swift in Sources */ = {isa = PBXBuildFile; fileRef = 250F01D82C19EF2500C5A32A /* AppDelegate.swift */; };
		250F01DB2C19EF2500C5A32A /* SceneDelegate.swift in Sources */ = {isa = PBXBuildFile; fileRef = 250F01DA2C19EF2500C5A32A /* SceneDelegate.swift */; };
		250F01DD2C19EF2500C5A32A /* ViewController.swift in Sources */ = {isa = PBXBuildFile; fileRef = 250F01DC2C19EF2500C5A32A /* ViewController.swift */; };
		250F01E02C19EF2500C5A32A /* Main.storyboard in Resources */ = {isa = PBXBuildFile; fileRef = 250F01DE2C19EF2500C5A32A /* Main.storyboard */; };
		250F01E22C19EF2600C5A32A /* Assets.xcassets in Resources */ = {isa = PBXBuildFile; fileRef = 250F01E12C19EF2600C5A32A /* Assets.xcassets */; };
		250F01E52C19EF2600C5A32A /* LaunchScreen.storyboard in Resources */ = {isa = PBXBuildFile; fileRef = 250F01E32C19EF2600C5A32A /* LaunchScreen.storyboard */; };
		250F01EF2C19F01E00C5A32A /* KeyUtil.m in Sources */ = {isa = PBXBuildFile; fileRef = 250F01EE2C19F01E00C5A32A /* KeyUtil.m */; };
		C4683D1E594A88B34ED7EAFA /* Pods_JumioTest.framework in Frameworks */ = {isa = PBXBuildFile; fileRef = 1DE480D9A30241E6630DB923 /* Pods_JumioTest.framework */; };
/* End PBXBuildFile section */

/* Begin PBXFileReference section */
		1DE480D9A30241E6630DB923 /* Pods_JumioTest.framework */ = {isa = PBXFileReference; explicitFileType = wrapper.framework; includeInIndex = 0; path = Pods_JumioTest.framework; sourceTree = BUILT_PRODUCTS_DIR; };
		250F01D52C19EF2500C5A32A /* JumioTest.app */ = {isa = PBXFileReference; explicitFileType = wrapper.application; includeInIndex = 0; path = JumioTest.app; sourceTree = BUILT_PRODUCTS_DIR; };
		250F01D82C19EF2500C5A32A /* AppDelegate.swift */ = {isa = PBXFileReference; lastKnownFileType = sourcecode.swift; path = AppDelegate.swift; sourceTree = "<group>"; };
		250F01DA2C19EF2500C5A32A /* SceneDelegate.swift */ = {isa = PBXFileReference; lastKnownFileType = sourcecode.swift; path = SceneDelegate.swift; sourceTree = "<group>"; };
		250F01DC2C19EF2500C5A32A /* ViewController.swift */ = {isa = PBXFileReference; lastKnownFileType = sourcecode.swift; path = ViewController.swift; sourceTree = "<group>"; };
		250F01DF2C19EF2500C5A32A /* Base */ = {isa = PBXFileReference; lastKnownFileType = file.storyboard; name = Base; path = Base.lproj/Main.storyboard; sourceTree = "<group>"; };
		250F01E12C19EF2600C5A32A /* Assets.xcassets */ = {isa = PBXFileReference; lastKnownFileType = folder.assetcatalog; path = Assets.xcassets; sourceTree = "<group>"; };
		250F01E42C19EF2600C5A32A /* Base */ = {isa = PBXFileReference; lastKnownFileType = file.storyboard; name = Base; path = Base.lproj/LaunchScreen.storyboard; sourceTree = "<group>"; };
		250F01E62C19EF2600C5A32A /* Info.plist */ = {isa = PBXFileReference; lastKnownFileType = text.plist.xml; path = Info.plist; sourceTree = "<group>"; };
		250F01EC2C19F01E00C5A32A /* JumioTest-Bridging-Header.h */ = {isa = PBXFileReference; lastKnownFileType = sourcecode.c.h; path = "JumioTest-Bridging-Header.h"; sourceTree = "<group>"; };
		250F01ED2C19F01E00C5A32A /* KeyUtil.h */ = {isa = PBXFileReference; lastKnownFileType = sourcecode.c.h; path = KeyUtil.h; sourceTree = "<group>"; };
		250F01EE2C19F01E00C5A32A /* KeyUtil.m */ = {isa = PBXFileReference; lastKnownFileType = sourcecode.c.objc; path = KeyUtil.m; sourceTree = "<group>"; };
		335B879F01622D5AB56F451A /* Pods-JumioTest.release.xcconfig */ = {isa = PBXFileReference; includeInIndex = 1; lastKnownFileType = text.xcconfig; name = "Pods-JumioTest.release.xcconfig"; path = "Target Support Files/Pods-JumioTest/Pods-JumioTest.release.xcconfig"; sourceTree = "<group>"; };
		97C7C3CCA8F24771A75DA4E0 /* Pods-JumioTest.debug.xcconfig */ = {isa = PBXFileReference; includeInIndex = 1; lastKnownFileType = text.xcconfig; name = "Pods-JumioTest.debug.xcconfig"; path = "Target Support Files/Pods-JumioTest/Pods-JumioTest.debug.xcconfig"; sourceTree = "<group>"; };
/* End PBXFileReference section */

/* Begin PBXFrameworksBuildPhase section */
		250F01D22C19EF2500C5A32A /* Frameworks */ = {
			isa = PBXFrameworksBuildPhase;
			buildActionMask = 2147483647;
			files = (
				C4683D1E594A88B34ED7EAFA /* Pods_JumioTest.framework in Frameworks */,
			);
			runOnlyForDeploymentPostprocessing = 0;
		};
/* End PBXFrameworksBuildPhase section */

/* Begin PBXGroup section */
		250F01CC2C19EF2500C5A32A = {
			isa = PBXGroup;
			children = (
				250F01D72C19EF2500C5A32A /* JumioTest */,
				250F01D62C19EF2500C5A32A /* Products */,
				D7B1EA0162E9816800C299A9 /* Pods */,
				9DE04BC0157C3552DB6C66F6 /* Frameworks */,
			);
			sourceTree = "<group>";
		};
		250F01D62C19EF2500C5A32A /* Products */ = {
			isa = PBXGroup;
			children = (
				250F01D52C19EF2500C5A32A /* JumioTest.app */,
			);
			name = Products;
			sourceTree = "<group>";
		};
		250F01D72C19EF2500C5A32A /* JumioTest */ = {
			isa = PBXGroup;
			children = (
				250F01D82C19EF2500C5A32A /* AppDelegate.swift */,
				250F01DA2C19EF2500C5A32A /* SceneDelegate.swift */,
				250F01DC2C19EF2500C5A32A /* ViewController.swift */,
				250F01ED2C19F01E00C5A32A /* KeyUtil.h */,
				250F01EE2C19F01E00C5A32A /* KeyUtil.m */,
				250F01DE2C19EF2500C5A32A /* Main.storyboard */,
				250F01E12C19EF2600C5A32A /* Assets.xcassets */,
				250F01E32C19EF2600C5A32A /* LaunchScreen.storyboard */,
				250F01E62C19EF2600C5A32A /* Info.plist */,
				250F01EC2C19F01E00C5A32A /* JumioTest-Bridging-Header.h */,
			);
			path = JumioTest;
			sourceTree = "<group>";
		};
		9DE04BC0157C3552DB6C66F6 /* Frameworks */ = {
			isa = PBXGroup;
			children = (
				1DE480D9A30241E6630DB923 /* Pods_JumioTest.framework */,
			);
			name = Frameworks;
			sourceTree = "<group>";
		};
		D7B1EA0162E9816800C299A9 /* Pods */ = {
			isa = PBXGroup;
			children = (
				97C7C3CCA8F24771A75DA4E0 /* Pods-JumioTest.debug.xcconfig */,
				335B879F01622D5AB56F451A /* Pods-JumioTest.release.xcconfig */,
			);
			path = Pods;
			sourceTree = "<group>";
		};
/* End PBXGroup section */

/* Begin PBXNativeTarget section */
		250F01D42C19EF2500C5A32A /* JumioTest */ = {
			isa = PBXNativeTarget;
			buildConfigurationList = 250F01E92C19EF2600C5A32A /* Build configuration list for PBXNativeTarget "JumioTest" */;
			buildPhases = (
				A4278002E6EC4D90C0CBFC3B /* [CP] Check Pods Manifest.lock */,
				250F01D12C19EF2500C5A32A /* Sources */,
				250F01D22C19EF2500C5A32A /* Frameworks */,
				250F01D32C19EF2500C5A32A /* Resources */,
				CD124FEB6762D2D62D6C7ADB /* [CP] Embed Pods Frameworks */,
			);
			buildRules = (
			);
			dependencies = (
			);
			name = JumioTest;
			productName = JumioTest;
			productReference = 250F01D52C19EF2500C5A32A /* JumioTest.app */;
			productType = "com.apple.product-type.application";
		};
/* End PBXNativeTarget section */

/* Begin PBXProject section */
		250F01CD2C19EF2500C5A32A /* Project object */ = {
			isa = PBXProject;
			attributes = {
				BuildIndependentTargetsInParallel = 1;
				LastSwiftUpdateCheck = 1510;
				LastUpgradeCheck = 1510;
				TargetAttributes = {
					250F01D42C19EF2500C5A32A = {
						CreatedOnToolsVersion = 15.1;
						LastSwiftMigration = 1510;
					};
				};
			};
			buildConfigurationList = 250F01D02C19EF2500C5A32A /* Build configuration list for PBXProject "JumioTest" */;
			compatibilityVersion = "Xcode 14.0";
			developmentRegion = en;
			hasScannedForEncodings = 0;
			knownRegions = (
				en,
				Base,
			);
			mainGroup = 250F01CC2C19EF2500C5A32A;
			productRefGroup = 250F01D62C19EF2500C5A32A /* Products */;
			projectDirPath = "";
			projectRoot = "";
			targets = (
				250F01D42C19EF2500C5A32A /* JumioTest */,
			);
		};
/* End PBXProject section */

/* Begin PBXResourcesBuildPhase section */
		250F01D32C19EF2500C5A32A /* Resources */ = {
			isa = PBXResourcesBuildPhase;
			buildActionMask = 2147483647;
			files = (
				250F01E52C19EF2600C5A32A /* LaunchScreen.storyboard in Resources */,
				250F01E22C19EF2600C5A32A /* Assets.xcassets in Resources */,
				250F01E02C19EF2500C5A32A /* Main.storyboard in Resources */,
			);
			runOnlyForDeploymentPostprocessing = 0;
		};
/* End PBXResourcesBuildPhase section */

/* Begin PBXShellScriptBuildPhase section */
		A4278002E6EC4D90C0CBFC3B /* [CP] Check Pods Manifest.lock */ = {
			isa = PBXShellScriptBuildPhase;
			buildActionMask = 2147483647;
			files = (
			);
			inputFileListPaths = (
			);
			inputPaths = (
				"${PODS_PODFILE_DIR_PATH}/Podfile.lock",
				"${PODS_ROOT}/Manifest.lock",
			);
			name = "[CP] Check Pods Manifest.lock";
			outputFileListPaths = (
			);
			outputPaths = (
				"$(DERIVED_FILE_DIR)/Pods-JumioTest-checkManifestLockResult.txt",
			);
			runOnlyForDeploymentPostprocessing = 0;
			shellPath = /bin/sh;
			shellScript = "diff \"${PODS_PODFILE_DIR_PATH}/Podfile.lock\" \"${PODS_ROOT}/Manifest.lock\" > /dev/null\nif [ $? != 0 ] ; then\n    # print error to STDERR\n    echo \"error: The sandbox is not in sync with the Podfile.lock. Run 'pod install' or update your CocoaPods installation.\" >&2\n    exit 1\nfi\n# This output is used by Xcode 'outputs' to avoid re-running this script phase.\necho \"SUCCESS\" > \"${SCRIPT_OUTPUT_FILE_0}\"\n";
			showEnvVarsInLog = 0;
		};
		CD124FEB6762D2D62D6C7ADB /* [CP] Embed Pods Frameworks */ = {
			isa = PBXShellScriptBuildPhase;
			buildActionMask = 12;
			files = (
			);
			inputFileListPaths = (
				"${PODS_ROOT}/Target Support Files/Pods-JumioTest/Pods-JumioTest-frameworks-${CONFIGURATION}-input-files.xcfilelist",
			);
			name = "[CP] Embed Pods Frameworks";
			outputFileListPaths = (
				"${PODS_ROOT}/Target Support Files/Pods-JumioTest/Pods-JumioTest-frameworks-${CONFIGURATION}-output-files.xcfilelist",
			);
			runOnlyForDeploymentPostprocessing = 0;
			shellPath = /bin/sh;
			shellScript = "\"${PODS_ROOT}/Target Support Files/Pods-JumioTest/Pods-JumioTest-frameworks.sh\"\n";
			showEnvVarsInLog = 0;
		};
/* End PBXShellScriptBuildPhase section */

/* Begin PBXSourcesBuildPhase section */
		250F01D12C19EF2500C5A32A /* Sources */ = {
			isa = PBXSourcesBuildPhase;
			buildActionMask = 2147483647;
			files = (
				250F01DD2C19EF2500C5A32A /* ViewController.swift in Sources */,
				250F01D92C19EF2500C5A32A /* AppDelegate.swift in Sources */,
				250F01DB2C19EF2500C5A32A /* SceneDelegate.swift in Sources */,
				250F01EF2C19F01E00C5A32A /* KeyUtil.m in Sources */,
			);
			runOnlyForDeploymentPostprocessing = 0;
		};
/* End PBXSourcesBuildPhase section */

/* Begin PBXVariantGroup section */
		250F01DE2C19EF2500C5A32A /* Main.storyboard */ = {
			isa = PBXVariantGroup;
			children = (
				250F01DF2C19EF2500C5A32A /* Base */,
			);
			name = Main.storyboard;
			sourceTree = "<group>";
		};
		250F01E32C19EF2600C5A32A /* LaunchScreen.storyboard */ = {
			isa = PBXVariantGroup;
			children = (
				250F01E42C19EF2600C5A32A /* Base */,
			);
			name = LaunchScreen.storyboard;
			sourceTree = "<group>";
		};
/* End PBXVariantGroup section */

/* Begin XCBuildConfiguration section */
		250F01E72C19EF2600C5A32A /* Debug */ = {
			isa = XCBuildConfiguration;
			buildSettings = {
				ALWAYS_SEARCH_USER_PATHS = NO;
				ASSETCATALOG_COMPILER_GENERATE_SWIFT_ASSET_SYMBOL_EXTENSIONS = YES;
				CLANG_ANALYZER_NONNULL = YES;
				CLANG_ANALYZER_NUMBER_OBJECT_CONVERSION = YES_AGGRESSIVE;
				CLANG_CXX_LANGUAGE_STANDARD = "gnu++20";
				CLANG_ENABLE_MODULES = YES;
				CLANG_ENABLE_OBJC_ARC = YES;
				CLANG_ENABLE_OBJC_WEAK = YES;
				CLANG_WARN_BLOCK_CAPTURE_AUTORELEASING = YES;
				CLANG_WARN_BOOL_CONVERSION = YES;
				CLANG_WARN_COMMA = YES;
				CLANG_WARN_CONSTANT_CONVERSION = YES;
				CLANG_WARN_DEPRECATED_OBJC_IMPLEMENTATIONS = YES;
				CLANG_WARN_DIRECT_OBJC_ISA_USAGE = YES_ERROR;
				CLANG_WARN_DOCUMENTATION_COMMENTS = YES;
				CLANG_WARN_EMPTY_BODY = YES;
				CLANG_WARN_ENUM_CONVERSION = YES;
				CLANG_WARN_INFINITE_RECURSION = YES;
				CLANG_WARN_INT_CONVERSION = YES;
				CLANG_WARN_NON_LITERAL_NULL_CONVERSION = YES;
				CLANG_WARN_OBJC_IMPLICIT_RETAIN_SELF = YES;
				CLANG_WARN_OBJC_LITERAL_CONVERSION = YES;
				CLANG_WARN_OBJC_ROOT_CLASS = YES_ERROR;
				CLANG_WARN_QUOTED_INCLUDE_IN_FRAMEWORK_HEADER = YES;
				CLANG_WARN_RANGE_LOOP_ANALYSIS = YES;
				CLANG_WARN_STRICT_PROTOTYPES = YES;
				CLANG_WARN_SUSPICIOUS_MOVE = YES;
				CLANG_WARN_UNGUARDED_AVAILABILITY = YES_AGGRESSIVE;
				CLANG_WARN_UNREACHABLE_CODE = YES;
				CLANG_WARN__DUPLICATE_METHOD_MATCH = YES;
				COPY_PHASE_STRIP = NO;
				DEBUG_INFORMATION_FORMAT = dwarf;
				ENABLE_STRICT_OBJC_MSGSEND = YES;
				ENABLE_TESTABILITY = YES;
				ENABLE_USER_SCRIPT_SANDBOXING = NO;
				GCC_C_LANGUAGE_STANDARD = gnu17;
				GCC_DYNAMIC_NO_PIC = NO;
				GCC_NO_COMMON_BLOCKS = YES;
				GCC_OPTIMIZATION_LEVEL = 0;
				GCC_PREPROCESSOR_DEFINITIONS = (
					"DEBUG=1",
					"$(inherited)",
				);
				GCC_WARN_64_TO_32_BIT_CONVERSION = YES;
				GCC_WARN_ABOUT_RETURN_TYPE = YES_ERROR;
				GCC_WARN_UNDECLARED_SELECTOR = YES;
				GCC_WARN_UNINITIALIZED_AUTOS = YES_AGGRESSIVE;
				GCC_WARN_UNUSED_FUNCTION = YES;
				GCC_WARN_UNUSED_VARIABLE = YES;
				IPHONEOS_DEPLOYMENT_TARGET = 13.0;
				LOCALIZATION_PREFERS_STRING_CATALOGS = YES;
				MTL_ENABLE_DEBUG_INFO = INCLUDE_SOURCE;
				MTL_FAST_MATH = YES;
				ONLY_ACTIVE_ARCH = YES;
				SDKROOT = iphoneos;
				SWIFT_ACTIVE_COMPILATION_CONDITIONS = "DEBUG $(inherited)";
				SWIFT_OPTIMIZATION_LEVEL = "-Onone";
				SWIFT_VERSION = 5.0;
			};
			name = Debug;
		};
		250F01E82C19EF2600C5A32A /* Release */ = {
			isa = XCBuildConfiguration;
			buildSettings = {
				ALWAYS_SEARCH_USER_PATHS = NO;
				ASSETCATALOG_COMPILER_GENERATE_SWIFT_ASSET_SYMBOL_EXTENSIONS = YES;
				CLANG_ANALYZER_NONNULL = YES;
				CLANG_ANALYZER_NUMBER_OBJECT_CONVERSION = YES_AGGRESSIVE;
				CLANG_CXX_LANGUAGE_STANDARD = "gnu++20";
				CLANG_ENABLE_MODULES = YES;
				CLANG_ENABLE_OBJC_ARC = YES;
				CLANG_ENABLE_OBJC_WEAK = YES;
				CLANG_WARN_BLOCK_CAPTURE_AUTORELEASING = YES;
				CLANG_WARN_BOOL_CONVERSION = YES;
				CLANG_WARN_COMMA = YES;
				CLANG_WARN_CONSTANT_CONVERSION = YES;
				CLANG_WARN_DEPRECATED_OBJC_IMPLEMENTATIONS = YES;
				CLANG_WARN_DIRECT_OBJC_ISA_USAGE = YES_ERROR;
				CLANG_WARN_DOCUMENTATION_COMMENTS = YES;
				CLANG_WARN_EMPTY_BODY = YES;
				CLANG_WARN_ENUM_CONVERSION = YES;
				CLANG_WARN_INFINITE_RECURSION = YES;
				CLANG_WARN_INT_CONVERSION = YES;
				CLANG_WARN_NON_LITERAL_NULL_CONVERSION = YES;
				CLANG_WARN_OBJC_IMPLICIT_RETAIN_SELF = YES;
				CLANG_WARN_OBJC_LITERAL_CONVERSION = YES;
				CLANG_WARN_OBJC_ROOT_CLASS = YES_ERROR;
				CLANG_WARN_QUOTED_INCLUDE_IN_FRAMEWORK_HEADER = YES;
				CLANG_WARN_RANGE_LOOP_ANALYSIS = YES;
				CLANG_WARN_STRICT_PROTOTYPES = YES;
				CLANG_WARN_SUSPICIOUS_MOVE = YES;
				CLANG_WARN_UNGUARDED_AVAILABILITY = YES_AGGRESSIVE;
				CLANG_WARN_UNREACHABLE_CODE = YES;
				CLANG_WARN__DUPLICATE_METHOD_MATCH = YES;
				COPY_PHASE_STRIP = NO;
				DEBUG_INFORMATION_FORMAT = "dwarf-with-dsym";
				ENABLE_NS_ASSERTIONS = NO;
				ENABLE_STRICT_OBJC_MSGSEND = YES;
				ENABLE_USER_SCRIPT_SANDBOXING = NO;
				GCC_C_LANGUAGE_STANDARD = gnu17;
				GCC_NO_COMMON_BLOCKS = YES;
				GCC_WARN_64_TO_32_BIT_CONVERSION = YES;
				GCC_WARN_ABOUT_RETURN_TYPE = YES_ERROR;
				GCC_WARN_UNDECLARED_SELECTOR = YES;
				GCC_WARN_UNINITIALIZED_AUTOS = YES_AGGRESSIVE;
				GCC_WARN_UNUSED_FUNCTION = YES;
				GCC_WARN_UNUSED_VARIABLE = YES;
				IPHONEOS_DEPLOYMENT_TARGET = 13.0;
				LOCALIZATION_PREFERS_STRING_CATALOGS = YES;
				MTL_ENABLE_DEBUG_INFO = NO;
				MTL_FAST_MATH = YES;
				SDKROOT = iphoneos;
				SWIFT_COMPILATION_MODE = wholemodule;
				SWIFT_VERSION = 5.0;
				VALIDATE_PRODUCT = YES;
			};
			name = Release;
		};
		250F01EA2C19EF2600C5A32A /* Debug */ = {
			isa = XCBuildConfiguration;
			baseConfigurationReference = 97C7C3CCA8F24771A75DA4E0 /* Pods-JumioTest.debug.xcconfig */;
			buildSettings = {
				ASSETCATALOG_COMPILER_APPICON_NAME = AppIcon;
				ASSETCATALOG_COMPILER_GLOBAL_ACCENT_COLOR_NAME = AccentColor;
				CLANG_ENABLE_MODULES = YES;
				CODE_SIGN_IDENTITY = "Apple Development";
				CODE_SIGN_STYLE = Automatic;
				CURRENT_PROJECT_VERSION = 1;
				DEVELOPMENT_TEAM = SUBJW7TK52;
				GENERATE_INFOPLIST_FILE = YES;
				INFOPLIST_FILE = JumioTest/Info.plist;
				INFOPLIST_KEY_UIApplicationSupportsIndirectInputEvents = YES;
				INFOPLIST_KEY_UILaunchStoryboardName = LaunchScreen;
				INFOPLIST_KEY_UIMainStoryboardFile = Main;
				INFOPLIST_KEY_UISupportedInterfaceOrientations_iPad = "UIInterfaceOrientationPortrait UIInterfaceOrientationPortraitUpsideDown UIInterfaceOrientationLandscapeLeft UIInterfaceOrientationLandscapeRight";
				INFOPLIST_KEY_UISupportedInterfaceOrientations_iPhone = "UIInterfaceOrientationPortrait UIInterfaceOrientationLandscapeLeft UIInterfaceOrientationLandscapeRight";
				IPHONEOS_DEPLOYMENT_TARGET = 13.0;
				LD_RUNPATH_SEARCH_PATHS = (
					"$(inherited)",
					"@executable_path/Frameworks",
				);
				MARKETING_VERSION = 1.0;
				PRODUCT_BUNDLE_IDENTIFIER = com.gateio.JumioTest;
				PRODUCT_NAME = "$(TARGET_NAME)";
				PROVISIONING_PROFILE_SPECIFIER = "";
				SWIFT_EMIT_LOC_STRINGS = YES;
				SWIFT_OBJC_BRIDGING_HEADER = "JumioTest/JumioTest-Bridging-Header.h";
				SWIFT_OPTIMIZATION_LEVEL = "-Onone";
				SWIFT_VERSION = 5.0;
				TARGETED_DEVICE_FAMILY = "1,2";
			};
			name = Debug;
		};
		250F01EB2C19EF2600C5A32A /* Release */ = {
			isa = XCBuildConfiguration;
			baseConfigurationReference = 335B879F01622D5AB56F451A /* Pods-JumioTest.release.xcconfig */;
			buildSettings = {
				ASSETCATALOG_COMPILER_APPICON_NAME = AppIcon;
				ASSETCATALOG_COMPILER_GLOBAL_ACCENT_COLOR_NAME = AccentColor;
				CLANG_ENABLE_MODULES = YES;
				CODE_SIGN_IDENTITY = "Apple Development";
				CODE_SIGN_STYLE = Automatic;
				CURRENT_PROJECT_VERSION = 1;
				DEVELOPMENT_TEAM = SUBJW7TK52;
				GENERATE_INFOPLIST_FILE = YES;
				INFOPLIST_FILE = JumioTest/Info.plist;
				INFOPLIST_KEY_UIApplicationSupportsIndirectInputEvents = YES;
				INFOPLIST_KEY_UILaunchStoryboardName = LaunchScreen;
				INFOPLIST_KEY_UIMainStoryboardFile = Main;
				INFOPLIST_KEY_UISupportedInterfaceOrientations_iPad = "UIInterfaceOrientationPortrait UIInterfaceOrientationPortraitUpsideDown UIInterfaceOrientationLandscapeLeft UIInterfaceOrientationLandscapeRight";
				INFOPLIST_KEY_UISupportedInterfaceOrientations_iPhone = "UIInterfaceOrientationPortrait UIInterfaceOrientationLandscapeLeft UIInterfaceOrientationLandscapeRight";
				IPHONEOS_DEPLOYMENT_TARGET = 13.0;
				LD_RUNPATH_SEARCH_PATHS = (
					"$(inherited)",
					"@executable_path/Frameworks",
				);
				MARKETING_VERSION = 1.0;
				PRODUCT_BUNDLE_IDENTIFIER = com.gateio.JumioTest;
				PRODUCT_NAME = "$(TARGET_NAME)";
				PROVISIONING_PROFILE_SPECIFIER = "";
				SWIFT_EMIT_LOC_STRINGS = YES;
				SWIFT_OBJC_BRIDGING_HEADER = "JumioTest/JumioTest-Bridging-Header.h";
				SWIFT_VERSION = 5.0;
				TARGETED_DEVICE_FAMILY = "1,2";
			};
			name = Release;
		};
/* End XCBuildConfiguration section */

/* Begin XCConfigurationList section */
		250F01D02C19EF2500C5A32A /* Build configuration list for PBXProject "JumioTest" */ = {
			isa = XCConfigurationList;
			buildConfigurations = (
				250F01E72C19EF2600C5A32A /* Debug */,
				250F01E82C19EF2600C5A32A /* Release */,
			);
			defaultConfigurationIsVisible = 0;
			defaultConfigurationName = Release;
		};
		250F01E92C19EF2600C5A32A /* Build configuration list for PBXNativeTarget "JumioTest" */ = {
			isa = XCConfigurationList;
			buildConfigurations = (
				250F01EA2C19EF2600C5A32A /* Debug */,
				250F01EB2C19EF2600C5A32A /* Release */,
			);
			defaultConfigurationIsVisible = 0;
			defaultConfigurationName = Release;
		};
/* End XCConfigurationList section */
	};
	rootObject = 250F01CD2C19EF2500C5A32A /* Project object */;
}
